// !$*UTF8*$!
{
	archiveVersion = 1;
	classes = {
	};
	objectVersion = 48;
	objects = {

/* Begin PBXBuildFile section */
		0AC6C46009907B47F2E76255 /* Pods_MovieListCareemTests.framework in Frameworks */ = {isa = PBXBuildFile; fileRef = F924BA2E41E0FDF309E3C58B /* Pods_MovieListCareemTests.framework */; };
		CFE592F52139865400B77403 /* AppDelegate.swift in Sources */ = {isa = PBXBuildFile; fileRef = CFE592F42139865400B77403 /* AppDelegate.swift */; };
		CFE592F72139865400B77403 /* ViewController.swift in Sources */ = {isa = PBXBuildFile; fileRef = CFE592F62139865400B77403 /* ViewController.swift */; };
		CFE592FA2139865400B77403 /* Main.storyboard in Resources */ = {isa = PBXBuildFile; fileRef = CFE592F82139865400B77403 /* Main.storyboard */; };
		CFE592FD2139865400B77403 /* MovieListCareem.xcdatamodeld in Sources */ = {isa = PBXBuildFile; fileRef = CFE592FB2139865400B77403 /* MovieListCareem.xcdatamodeld */; };
		CFE592FF2139865400B77403 /* Assets.xcassets in Resources */ = {isa = PBXBuildFile; fileRef = CFE592FE2139865400B77403 /* Assets.xcassets */; };
		CFE593022139865400B77403 /* LaunchScreen.storyboard in Resources */ = {isa = PBXBuildFile; fileRef = CFE593002139865400B77403 /* LaunchScreen.storyboard */; };
		CFE5930D2139865400B77403 /* MovieListCareemTests.swift in Sources */ = {isa = PBXBuildFile; fileRef = CFE5930C2139865400B77403 /* MovieListCareemTests.swift */; };
		CFE593192139978200B77403 /* MovieListViewController.swift in Sources */ = {isa = PBXBuildFile; fileRef = CFE593182139978200B77403 /* MovieListViewController.swift */; };
		CFE5931E2139988200B77403 /* MovieListPresnter.swift in Sources */ = {isa = PBXBuildFile; fileRef = CFE5931D2139988200B77403 /* MovieListPresnter.swift */; };
		CFE593202139999900B77403 /* Movie.swift in Sources */ = {isa = PBXBuildFile; fileRef = CFE5931F2139999900B77403 /* Movie.swift */; };
		CFE5932521399FAA00B77403 /* SearchViewController.swift in Sources */ = {isa = PBXBuildFile; fileRef = CFE5932421399FAA00B77403 /* SearchViewController.swift */; };
		CFE593292139C3CA00B77403 /* SearchPresnter.swift in Sources */ = {isa = PBXBuildFile; fileRef = CFE593282139C3CA00B77403 /* SearchPresnter.swift */; };
		CFE5932B2139C72E00B77403 /* NetworkManager.swift in Sources */ = {isa = PBXBuildFile; fileRef = CFE5932A2139C72E00B77403 /* NetworkManager.swift */; };
		CFE5932E2139C74F00B77403 /* AppError.swift in Sources */ = {isa = PBXBuildFile; fileRef = CFE5932D2139C74F00B77403 /* AppError.swift */; };
		CFE593322139FE5C00B77403 /* MovieTableViewCell.swift in Sources */ = {isa = PBXBuildFile; fileRef = CFE593312139FE5C00B77403 /* MovieTableViewCell.swift */; };
		CFE59333213AA9AF00B77403 /* Strings.strings in Resources */ = {isa = PBXBuildFile; fileRef = CFE59335213AA9AF00B77403 /* Strings.strings */; };
		FA226A14A75DE61F47865120 /* Pods_MovieListCareem.framework in Frameworks */ = {isa = PBXBuildFile; fileRef = B4D073C10136B77E15E2AC58 /* Pods_MovieListCareem.framework */; };
/* End PBXBuildFile section */

/* Begin PBXContainerItemProxy section */
		CFE593092139865400B77403 /* PBXContainerItemProxy */ = {
			isa = PBXContainerItemProxy;
			containerPortal = CFE592E92139865400B77403 /* Project object */;
			proxyType = 1;
			remoteGlobalIDString = CFE592F02139865400B77403;
			remoteInfo = MovieListCareem;
		};
/* End PBXContainerItemProxy section */

/* Begin PBXFileReference section */
		19E64D45A0388263CA62120D /* Pods-MovieListCareem.release.xcconfig */ = {isa = PBXFileReference; includeInIndex = 1; lastKnownFileType = text.xcconfig; name = "Pods-MovieListCareem.release.xcconfig"; path = "Pods/Target Support Files/Pods-MovieListCareem/Pods-MovieListCareem.release.xcconfig"; sourceTree = "<group>"; };
		8D71451BE3E42F38FA24F475 /* Pods-MovieListCareemTests.release.xcconfig */ = {isa = PBXFileReference; includeInIndex = 1; lastKnownFileType = text.xcconfig; name = "Pods-MovieListCareemTests.release.xcconfig"; path = "Pods/Target Support Files/Pods-MovieListCareemTests/Pods-MovieListCareemTests.release.xcconfig"; sourceTree = "<group>"; };
		A5E83CE976FF886280C73FD8 /* Pods-MovieListCareemTests.debug.xcconfig */ = {isa = PBXFileReference; includeInIndex = 1; lastKnownFileType = text.xcconfig; name = "Pods-MovieListCareemTests.debug.xcconfig"; path = "Pods/Target Support Files/Pods-MovieListCareemTests/Pods-MovieListCareemTests.debug.xcconfig"; sourceTree = "<group>"; };
		B4D073C10136B77E15E2AC58 /* Pods_MovieListCareem.framework */ = {isa = PBXFileReference; explicitFileType = wrapper.framework; includeInIndex = 0; path = Pods_MovieListCareem.framework; sourceTree = BUILT_PRODUCTS_DIR; };
		B60DF2B7A6167373C449902B /* Pods-MovieListCareem.debug.xcconfig */ = {isa = PBXFileReference; includeInIndex = 1; lastKnownFileType = text.xcconfig; name = "Pods-MovieListCareem.debug.xcconfig"; path = "Pods/Target Support Files/Pods-MovieListCareem/Pods-MovieListCareem.debug.xcconfig"; sourceTree = "<group>"; };
		CFE592F12139865400B77403 /* MovieListCareem.app */ = {isa = PBXFileReference; explicitFileType = wrapper.application; includeInIndex = 0; path = MovieListCareem.app; sourceTree = BUILT_PRODUCTS_DIR; };
		CFE592F42139865400B77403 /* AppDelegate.swift */ = {isa = PBXFileReference; lastKnownFileType = sourcecode.swift; path = AppDelegate.swift; sourceTree = "<group>"; };
		CFE592F62139865400B77403 /* ViewController.swift */ = {isa = PBXFileReference; lastKnownFileType = sourcecode.swift; path = ViewController.swift; sourceTree = "<group>"; };
		CFE592F92139865400B77403 /* Base */ = {isa = PBXFileReference; lastKnownFileType = file.storyboard; name = Base; path = Base.lproj/Main.storyboard; sourceTree = "<group>"; };
		CFE592FC2139865400B77403 /* MovieListCareem.xcdatamodel */ = {isa = PBXFileReference; lastKnownFileType = wrapper.xcdatamodel; path = MovieListCareem.xcdatamodel; sourceTree = "<group>"; };
		CFE592FE2139865400B77403 /* Assets.xcassets */ = {isa = PBXFileReference; lastKnownFileType = folder.assetcatalog; path = Assets.xcassets; sourceTree = "<group>"; };
		CFE593012139865400B77403 /* Base */ = {isa = PBXFileReference; lastKnownFileType = file.storyboard; name = Base; path = Base.lproj/LaunchScreen.storyboard; sourceTree = "<group>"; };
		CFE593032139865400B77403 /* Info.plist */ = {isa = PBXFileReference; lastKnownFileType = text.plist.xml; path = Info.plist; sourceTree = "<group>"; };
		CFE593082139865400B77403 /* MovieListCareemTests.xctest */ = {isa = PBXFileReference; explicitFileType = wrapper.cfbundle; includeInIndex = 0; path = MovieListCareemTests.xctest; sourceTree = BUILT_PRODUCTS_DIR; };
		CFE5930C2139865400B77403 /* MovieListCareemTests.swift */ = {isa = PBXFileReference; lastKnownFileType = sourcecode.swift; path = MovieListCareemTests.swift; sourceTree = "<group>"; };
		CFE5930E2139865400B77403 /* Info.plist */ = {isa = PBXFileReference; lastKnownFileType = text.plist.xml; path = Info.plist; sourceTree = "<group>"; };
		CFE593182139978200B77403 /* MovieListViewController.swift */ = {isa = PBXFileReference; lastKnownFileType = sourcecode.swift; path = MovieListViewController.swift; sourceTree = "<group>"; };
		CFE5931D2139988200B77403 /* MovieListPresnter.swift */ = {isa = PBXFileReference; lastKnownFileType = sourcecode.swift; path = MovieListPresnter.swift; sourceTree = "<group>"; };
		CFE5931F2139999900B77403 /* Movie.swift */ = {isa = PBXFileReference; lastKnownFileType = sourcecode.swift; path = Movie.swift; sourceTree = "<group>"; };
		CFE5932421399FAA00B77403 /* SearchViewController.swift */ = {isa = PBXFileReference; lastKnownFileType = sourcecode.swift; path = SearchViewController.swift; sourceTree = "<group>"; };
		CFE593282139C3CA00B77403 /* SearchPresnter.swift */ = {isa = PBXFileReference; lastKnownFileType = sourcecode.swift; path = SearchPresnter.swift; sourceTree = "<group>"; };
		CFE5932A2139C72E00B77403 /* NetworkManager.swift */ = {isa = PBXFileReference; lastKnownFileType = sourcecode.swift; path = NetworkManager.swift; sourceTree = "<group>"; };
		CFE5932D2139C74F00B77403 /* AppError.swift */ = {isa = PBXFileReference; lastKnownFileType = sourcecode.swift; path = AppError.swift; sourceTree = "<group>"; };
		CFE593312139FE5C00B77403 /* MovieTableViewCell.swift */ = {isa = PBXFileReference; lastKnownFileType = sourcecode.swift; path = MovieTableViewCell.swift; sourceTree = "<group>"; };
		CFE59334213AA9AF00B77403 /* en */ = {isa = PBXFileReference; lastKnownFileType = text.plist.strings; name = en; path = en.lproj/Strings.strings; sourceTree = "<group>"; };
		F924BA2E41E0FDF309E3C58B /* Pods_MovieListCareemTests.framework */ = {isa = PBXFileReference; explicitFileType = wrapper.framework; includeInIndex = 0; path = Pods_MovieListCareemTests.framework; sourceTree = BUILT_PRODUCTS_DIR; };
/* End PBXFileReference section */

/* Begin PBXFrameworksBuildPhase section */
		CFE592EE2139865400B77403 /* Frameworks */ = {
			isa = PBXFrameworksBuildPhase;
			buildActionMask = 2147483647;
			files = (
				FA226A14A75DE61F47865120 /* Pods_MovieListCareem.framework in Frameworks */,
			);
			runOnlyForDeploymentPostprocessing = 0;
		};
		CFE593052139865400B77403 /* Frameworks */ = {
			isa = PBXFrameworksBuildPhase;
			buildActionMask = 2147483647;
			files = (
				0AC6C46009907B47F2E76255 /* Pods_MovieListCareemTests.framework in Frameworks */,
			);
			runOnlyForDeploymentPostprocessing = 0;
		};
/* End PBXFrameworksBuildPhase section */

/* Begin PBXGroup section */
		9FF26E76E2CE9CEC90C7337C /* Pods */ = {
			isa = PBXGroup;
			children = (
				B60DF2B7A6167373C449902B /* Pods-MovieListCareem.debug.xcconfig */,
				19E64D45A0388263CA62120D /* Pods-MovieListCareem.release.xcconfig */,
				A5E83CE976FF886280C73FD8 /* Pods-MovieListCareemTests.debug.xcconfig */,
				8D71451BE3E42F38FA24F475 /* Pods-MovieListCareemTests.release.xcconfig */,
			);
			name = Pods;
			sourceTree = "<group>";
		};
		CFE592E82139865400B77403 = {
			isa = PBXGroup;
			children = (
				CFE592F32139865400B77403 /* MovieListCareem */,
				CFE5930B2139865400B77403 /* MovieListCareemTests */,
				CFE592F22139865400B77403 /* Products */,
				9FF26E76E2CE9CEC90C7337C /* Pods */,
				E40CED54226332EE70BA542B /* Frameworks */,
			);
			sourceTree = "<group>";
		};
		CFE592F22139865400B77403 /* Products */ = {
			isa = PBXGroup;
			children = (
				CFE592F12139865400B77403 /* MovieListCareem.app */,
				CFE593082139865400B77403 /* MovieListCareemTests.xctest */,
			);
			name = Products;
			sourceTree = "<group>";
		};
		CFE592F32139865400B77403 /* MovieListCareem */ = {
			isa = PBXGroup;
			children = (
				CFE593262139B84D00B77403 /* Managers */,
				CFE5932121399F3B00B77403 /* MovieSearch */,
				CFE593172139974D00B77403 /* MovieList */,
				CFE592F42139865400B77403 /* AppDelegate.swift */,
				CFE592F62139865400B77403 /* ViewController.swift */,
				CFE592F82139865400B77403 /* Main.storyboard */,
				CFE592FE2139865400B77403 /* Assets.xcassets */,
				CFE593002139865400B77403 /* LaunchScreen.storyboard */,
				CFE593032139865400B77403 /* Info.plist */,
				CFE592FB2139865400B77403 /* MovieListCareem.xcdatamodeld */,
				CFE59335213AA9AF00B77403 /* Strings.strings */,
			);
			path = MovieListCareem;
			sourceTree = "<group>";
		};
		CFE5930B2139865400B77403 /* MovieListCareemTests */ = {
			isa = PBXGroup;
			children = (
				CFE5930C2139865400B77403 /* MovieListCareemTests.swift */,
				CFE5930E2139865400B77403 /* Info.plist */,
			);
			path = MovieListCareemTests;
			sourceTree = "<group>";
		};
		CFE593172139974D00B77403 /* MovieList */ = {
			isa = PBXGroup;
			children = (
				CFE5931C213997B300B77403 /* ViewController */,
				CFE5931B213997AC00B77403 /* Presnter */,
			);
			path = MovieList;
			sourceTree = "<group>";
		};
		CFE5931A2139979600B77403 /* Model */ = {
			isa = PBXGroup;
			children = (
				CFE5931F2139999900B77403 /* Movie.swift */,
			);
			path = Model;
			sourceTree = "<group>";
		};
		CFE5931B213997AC00B77403 /* Presnter */ = {
			isa = PBXGroup;
			children = (
				CFE5931D2139988200B77403 /* MovieListPresnter.swift */,
			);
			path = Presnter;
			sourceTree = "<group>";
		};
		CFE5931C213997B300B77403 /* ViewController */ = {
			isa = PBXGroup;
			children = (
				CFE593182139978200B77403 /* MovieListViewController.swift */,
				CFE593312139FE5C00B77403 /* MovieTableViewCell.swift */,
			);
			path = ViewController;
			sourceTree = "<group>";
		};
		CFE5932121399F3B00B77403 /* MovieSearch */ = {
			isa = PBXGroup;
			children = (
				CFE5931A2139979600B77403 /* Model */,
				CFE5932321399F5700B77403 /* Presnter */,
				CFE5932221399F5400B77403 /* ViewController */,
			);
			path = MovieSearch;
			sourceTree = "<group>";
		};
		CFE5932221399F5400B77403 /* ViewController */ = {
			isa = PBXGroup;
			children = (
				CFE5932421399FAA00B77403 /* SearchViewController.swift */,
			);
			path = ViewController;
			sourceTree = "<group>";
		};
		CFE5932321399F5700B77403 /* Presnter */ = {
			isa = PBXGroup;
			children = (
				CFE593282139C3CA00B77403 /* SearchPresnter.swift */,
			);
			path = Presnter;
			sourceTree = "<group>";
		};
		CFE593262139B84D00B77403 /* Managers */ = {
			isa = PBXGroup;
			children = (
				CFE593272139B85700B77403 /* NetworkLayer */,
			);
			path = Managers;
			sourceTree = "<group>";
		};
		CFE593272139B85700B77403 /* NetworkLayer */ = {
			isa = PBXGroup;
			children = (
				CFE5932A2139C72E00B77403 /* NetworkManager.swift */,
				CFE5932D2139C74F00B77403 /* AppError.swift */,
			);
			path = NetworkLayer;
			sourceTree = "<group>";
		};
		E40CED54226332EE70BA542B /* Frameworks */ = {
			isa = PBXGroup;
			children = (
				B4D073C10136B77E15E2AC58 /* Pods_MovieListCareem.framework */,
				F924BA2E41E0FDF309E3C58B /* Pods_MovieListCareemTests.framework */,
			);
			name = Frameworks;
			sourceTree = "<group>";
		};
/* End PBXGroup section */

/* Begin PBXNativeTarget section */
		CFE592F02139865400B77403 /* MovieListCareem */ = {
			isa = PBXNativeTarget;
			buildConfigurationList = CFE593112139865400B77403 /* Build configuration list for PBXNativeTarget "MovieListCareem" */;
			buildPhases = (
				5C908114EA4E56DEE79BCE70 /* [CP] Check Pods Manifest.lock */,
				CFE592ED2139865400B77403 /* Sources */,
				CFE592EE2139865400B77403 /* Frameworks */,
				CFE592EF2139865400B77403 /* Resources */,
				040A50DDB4DCB14809AC07BF /* [CP] Embed Pods Frameworks */,
				C8F1B749B55135B6CD34CDD5 /* [CP] Copy Pods Resources */,
			);
			buildRules = (
			);
			dependencies = (
			);
			name = MovieListCareem;
			productName = MovieListCareem;
			productReference = CFE592F12139865400B77403 /* MovieListCareem.app */;
			productType = "com.apple.product-type.application";
		};
		CFE593072139865400B77403 /* MovieListCareemTests */ = {
			isa = PBXNativeTarget;
			buildConfigurationList = CFE593142139865400B77403 /* Build configuration list for PBXNativeTarget "MovieListCareemTests" */;
			buildPhases = (
				19D0BC3D49D01F603D973664 /* [CP] Check Pods Manifest.lock */,
				CFE593042139865400B77403 /* Sources */,
				CFE593052139865400B77403 /* Frameworks */,
				CFE593062139865400B77403 /* Resources */,
				64A58B0E04C8005230B68E77 /* [CP] Embed Pods Frameworks */,
				136EF558BBCEA12B6E679AE9 /* [CP] Copy Pods Resources */,
			);
			buildRules = (
			);
			dependencies = (
				CFE5930A2139865400B77403 /* PBXTargetDependency */,
			);
			name = MovieListCareemTests;
			productName = MovieListCareemTests;
			productReference = CFE593082139865400B77403 /* MovieListCareemTests.xctest */;
			productType = "com.apple.product-type.bundle.unit-test";
		};
/* End PBXNativeTarget section */

/* Begin PBXProject section */
		CFE592E92139865400B77403 /* Project object */ = {
			isa = PBXProject;
			attributes = {
				LastSwiftUpdateCheck = 0900;
				LastUpgradeCheck = 0900;
				ORGANIZATIONNAME = "Hazem Hamdy";
				TargetAttributes = {
					CFE592F02139865400B77403 = {
						CreatedOnToolsVersion = 9.0;
						ProvisioningStyle = Automatic;
					};
					CFE593072139865400B77403 = {
						CreatedOnToolsVersion = 9.0;
						ProvisioningStyle = Automatic;
						TestTargetID = CFE592F02139865400B77403;
					};
				};
			};
			buildConfigurationList = CFE592EC2139865400B77403 /* Build configuration list for PBXProject "MovieListCareem" */;
			compatibilityVersion = "Xcode 8.0";
			developmentRegion = en;
			hasScannedForEncodings = 0;
			knownRegions = (
				en,
				Base,
			);
			mainGroup = CFE592E82139865400B77403;
			productRefGroup = CFE592F22139865400B77403 /* Products */;
			projectDirPath = "";
			projectRoot = "";
			targets = (
				CFE592F02139865400B77403 /* MovieListCareem */,
				CFE593072139865400B77403 /* MovieListCareemTests */,
			);
		};
/* End PBXProject section */

/* Begin PBXResourcesBuildPhase section */
		CFE592EF2139865400B77403 /* Resources */ = {
			isa = PBXResourcesBuildPhase;
			buildActionMask = 2147483647;
			files = (
				CFE593022139865400B77403 /* LaunchScreen.storyboard in Resources */,
				CFE59333213AA9AF00B77403 /* Strings.strings in Resources */,
				CFE592FF2139865400B77403 /* Assets.xcassets in Resources */,
				CFE592FA2139865400B77403 /* Main.storyboard in Resources */,
			);
			runOnlyForDeploymentPostprocessing = 0;
		};
		CFE593062139865400B77403 /* Resources */ = {
			isa = PBXResourcesBuildPhase;
			buildActionMask = 2147483647;
			files = (
			);
			runOnlyForDeploymentPostprocessing = 0;
		};
/* End PBXResourcesBuildPhase section */

/* Begin PBXShellScriptBuildPhase section */
		040A50DDB4DCB14809AC07BF /* [CP] Embed Pods Frameworks */ = {
			isa = PBXShellScriptBuildPhase;
			buildActionMask = 2147483647;
			files = (
			);
			inputPaths = (
			);
			name = "[CP] Embed Pods Frameworks";
			outputPaths = (
			);
			runOnlyForDeploymentPostprocessing = 0;
			shellPath = /bin/sh;
			shellScript = "\"${SRCROOT}/Pods/Target Support Files/Pods-MovieListCareem/Pods-MovieListCareem-frameworks.sh\"\n";
			showEnvVarsInLog = 0;
		};
		136EF558BBCEA12B6E679AE9 /* [CP] Copy Pods Resources */ = {
			isa = PBXShellScriptBuildPhase;
			buildActionMask = 2147483647;
			files = (
			);
			inputPaths = (
			);
			name = "[CP] Copy Pods Resources";
			outputPaths = (
			);
			runOnlyForDeploymentPostprocessing = 0;
			shellPath = /bin/sh;
			shellScript = "\"${SRCROOT}/Pods/Target Support Files/Pods-MovieListCareemTests/Pods-MovieListCareemTests-resources.sh\"\n";
			showEnvVarsInLog = 0;
		};
		19D0BC3D49D01F603D973664 /* [CP] Check Pods Manifest.lock */ = {
			isa = PBXShellScriptBuildPhase;
			buildActionMask = 2147483647;
			files = (
			);
			inputPaths = (
			);
			name = "[CP] Check Pods Manifest.lock";
			outputPaths = (
			);
			runOnlyForDeploymentPostprocessing = 0;
			shellPath = /bin/sh;
			shellScript = "diff \"${PODS_ROOT}/../Podfile.lock\" \"${PODS_ROOT}/Manifest.lock\" > /dev/null\nif [ $? != 0 ] ; then\n    # print error to STDERR\n    echo \"error: The sandbox is not in sync with the Podfile.lock. Run 'pod install' or update your CocoaPods installation.\" >&2\n    exit 1\nfi\n";
			showEnvVarsInLog = 0;
		};
		5C908114EA4E56DEE79BCE70 /* [CP] Check Pods Manifest.lock */ = {
			isa = PBXShellScriptBuildPhase;
			buildActionMask = 2147483647;
			files = (
			);
			inputPaths = (
			);
			name = "[CP] Check Pods Manifest.lock";
			outputPaths = (
			);
			runOnlyForDeploymentPostprocessing = 0;
			shellPath = /bin/sh;
			shellScript = "diff \"${PODS_ROOT}/../Podfile.lock\" \"${PODS_ROOT}/Manifest.lock\" > /dev/null\nif [ $? != 0 ] ; then\n    # print error to STDERR\n    echo \"error: The sandbox is not in sync with the Podfile.lock. Run 'pod install' or update your CocoaPods installation.\" >&2\n    exit 1\nfi\n";
			showEnvVarsInLog = 0;
		};
		64A58B0E04C8005230B68E77 /* [CP] Embed Pods Frameworks */ = {
			isa = PBXShellScriptBuildPhase;
			buildActionMask = 2147483647;
			files = (
			);
			inputPaths = (
			);
			name = "[CP] Embed Pods Frameworks";
			outputPaths = (
			);
			runOnlyForDeploymentPostprocessing = 0;
			shellPath = /bin/sh;
			shellScript = "\"${SRCROOT}/Pods/Target Support Files/Pods-MovieListCareemTests/Pods-MovieListCareemTests-frameworks.sh\"\n";
			showEnvVarsInLog = 0;
		};
		C8F1B749B55135B6CD34CDD5 /* [CP] Copy Pods Resources */ = {
			isa = PBXShellScriptBuildPhase;
			buildActionMask = 2147483647;
			files = (
			);
			inputPaths = (
			);
			name = "[CP] Copy Pods Resources";
			outputPaths = (
			);
			runOnlyForDeploymentPostprocessing = 0;
			shellPath = /bin/sh;
			shellScript = "\"${SRCROOT}/Pods/Target Support Files/Pods-MovieListCareem/Pods-MovieListCareem-resources.sh\"\n";
			showEnvVarsInLog = 0;
		};
/* End PBXShellScriptBuildPhase section */

/* Begin PBXSourcesBuildPhase section */
		CFE592ED2139865400B77403 /* Sources */ = {
			isa = PBXSourcesBuildPhase;
			buildActionMask = 2147483647;
			files = (
				CFE5932B2139C72E00B77403 /* NetworkManager.swift in Sources */,
				CFE593292139C3CA00B77403 /* SearchPresnter.swift in Sources */,
				CFE5932E2139C74F00B77403 /* AppError.swift in Sources */,
				CFE5931E2139988200B77403 /* MovieListPresnter.swift in Sources */,
				CFE5932521399FAA00B77403 /* SearchViewController.swift in Sources */,
				CFE592FD2139865400B77403 /* MovieListCareem.xcdatamodeld in Sources */,
				CFE593202139999900B77403 /* Movie.swift in Sources */,
				CFE592F72139865400B77403 /* ViewController.swift in Sources */,
				CFE592F52139865400B77403 /* AppDelegate.swift in Sources */,
				CFE593322139FE5C00B77403 /* MovieTableViewCell.swift in Sources */,
				CFE593192139978200B77403 /* MovieListViewController.swift in Sources */,
			);
			runOnlyForDeploymentPostprocessing = 0;
		};
		CFE593042139865400B77403 /* Sources */ = {
			isa = PBXSourcesBuildPhase;
			buildActionMask = 2147483647;
			files = (
				CFE5930D2139865400B77403 /* MovieListCareemTests.swift in Sources */,
			);
			runOnlyForDeploymentPostprocessing = 0;
		};
/* End PBXSourcesBuildPhase section */

/* Begin PBXTargetDependency section */
		CFE5930A2139865400B77403 /* PBXTargetDependency */ = {
			isa = PBXTargetDependency;
			target = CFE592F02139865400B77403 /* MovieListCareem */;
			targetProxy = CFE593092139865400B77403 /* PBXContainerItemProxy */;
		};
/* End PBXTargetDependency section */

/* Begin PBXVariantGroup section */
		CFE592F82139865400B77403 /* Main.storyboard */ = {
			isa = PBXVariantGroup;
			children = (
				CFE592F92139865400B77403 /* Base */,
			);
			name = Main.storyboard;
			sourceTree = "<group>";
		};
		CFE593002139865400B77403 /* LaunchScreen.storyboard */ = {
			isa = PBXVariantGroup;
			children = (
				CFE593012139865400B77403 /* Base */,
			);
			name = LaunchScreen.storyboard;
			sourceTree = "<group>";
		};
		CFE59335213AA9AF00B77403 /* Strings.strings */ = {
			isa = PBXVariantGroup;
			children = (
				CFE59334213AA9AF00B77403 /* en */,
			);
			name = Strings.strings;
			sourceTree = "<group>";
		};
/* End PBXVariantGroup section */

/* Begin XCBuildConfiguration section */
		CFE5930F2139865400B77403 /* Debug */ = {
			isa = XCBuildConfiguration;
			buildSettings = {
				ALWAYS_SEARCH_USER_PATHS = NO;
				CLANG_ANALYZER_NONNULL = YES;
				CLANG_ANALYZER_NUMBER_OBJECT_CONVERSION = YES_AGGRESSIVE;
				CLANG_CXX_LANGUAGE_STANDARD = "gnu++14";
				CLANG_CXX_LIBRARY = "libc++";
				CLANG_ENABLE_MODULES = YES;
				CLANG_ENABLE_OBJC_ARC = YES;
				CLANG_WARN_BLOCK_CAPTURE_AUTORELEASING = YES;
				CLANG_WARN_BOOL_CONVERSION = YES;
				CLANG_WARN_COMMA = YES;
				CLANG_WARN_CONSTANT_CONVERSION = YES;
				CLANG_WARN_DIRECT_OBJC_ISA_USAGE = YES_ERROR;
				CLANG_WARN_DOCUMENTATION_COMMENTS = YES;
				CLANG_WARN_EMPTY_BODY = YES;
				CLANG_WARN_ENUM_CONVERSION = YES;
				CLANG_WARN_INFINITE_RECURSION = YES;
				CLANG_WARN_INT_CONVERSION = YES;
				CLANG_WARN_NON_LITERAL_NULL_CONVERSION = YES;
				CLANG_WARN_OBJC_LITERAL_CONVERSION = YES;
				CLANG_WARN_OBJC_ROOT_CLASS = YES_ERROR;
				CLANG_WARN_RANGE_LOOP_ANALYSIS = YES;
				CLANG_WARN_STRICT_PROTOTYPES = YES;
				CLANG_WARN_SUSPICIOUS_MOVE = YES;
				CLANG_WARN_UNGUARDED_AVAILABILITY = YES_AGGRESSIVE;
				CLANG_WARN_UNREACHABLE_CODE = YES;
				CLANG_WARN__DUPLICATE_METHOD_MATCH = YES;
				CODE_SIGN_IDENTITY = "iPhone Developer";
				COPY_PHASE_STRIP = NO;
				DEBUG_INFORMATION_FORMAT = dwarf;
				ENABLE_STRICT_OBJC_MSGSEND = YES;
				ENABLE_TESTABILITY = YES;
				GCC_C_LANGUAGE_STANDARD = gnu11;
				GCC_DYNAMIC_NO_PIC = NO;
				GCC_NO_COMMON_BLOCKS = YES;
				GCC_OPTIMIZATION_LEVEL = 0;
				GCC_PREPROCESSOR_DEFINITIONS = (
					"DEBUG=1",
					"$(inherited)",
				);
				GCC_WARN_64_TO_32_BIT_CONVERSION = YES;
				GCC_WARN_ABOUT_RETURN_TYPE = YES_ERROR;
				GCC_WARN_UNDECLARED_SELECTOR = YES;
				GCC_WARN_UNINITIALIZED_AUTOS = YES_AGGRESSIVE;
				GCC_WARN_UNUSED_FUNCTION = YES;
				GCC_WARN_UNUSED_VARIABLE = YES;
				IPHONEOS_DEPLOYMENT_TARGET = 11.0;
				MTL_ENABLE_DEBUG_INFO = YES;
				ONLY_ACTIVE_ARCH = YES;
				SDKROOT = iphoneos;
				SWIFT_ACTIVE_COMPILATION_CONDITIONS = DEBUG;
				SWIFT_OPTIMIZATION_LEVEL = "-Onone";
			};
			name = Debug;
		};
		CFE593102139865400B77403 /* Release */ = {
			isa = XCBuildConfiguration;
			buildSettings = {
				ALWAYS_SEARCH_USER_PATHS = NO;
				CLANG_ANALYZER_NONNULL = YES;
				CLANG_ANALYZER_NUMBER_OBJECT_CONVERSION = YES_AGGRESSIVE;
				CLANG_CXX_LANGUAGE_STANDARD = "gnu++14";
				CLANG_CXX_LIBRARY = "libc++";
				CLANG_ENABLE_MODULES = YES;
				CLANG_ENABLE_OBJC_ARC = YES;
				CLANG_WARN_BLOCK_CAPTURE_AUTORELEASING = YES;
				CLANG_WARN_BOOL_CONVERSION = YES;
				CLANG_WARN_COMMA = YES;
				CLANG_WARN_CONSTANT_CONVERSION = YES;
				CLANG_WARN_DIRECT_OBJC_ISA_USAGE = YES_ERROR;
				CLANG_WARN_DOCUMENTATION_COMMENTS = YES;
				CLANG_WARN_EMPTY_BODY = YES;
				CLANG_WARN_ENUM_CONVERSION = YES;
				CLANG_WARN_INFINITE_RECURSION = YES;
				CLANG_WARN_INT_CONVERSION = YES;
				CLANG_WARN_NON_LITERAL_NULL_CONVERSION = YES;
				CLANG_WARN_OBJC_LITERAL_CONVERSION = YES;
				CLANG_WARN_OBJC_ROOT_CLASS = YES_ERROR;
				CLANG_WARN_RANGE_LOOP_ANALYSIS = YES;
				CLANG_WARN_STRICT_PROTOTYPES = YES;
				CLANG_WARN_SUSPICIOUS_MOVE = YES;
				CLANG_WARN_UNGUARDED_AVAILABILITY = YES_AGGRESSIVE;
				CLANG_WARN_UNREACHABLE_CODE = YES;
				CLANG_WARN__DUPLICATE_METHOD_MATCH = YES;
				CODE_SIGN_IDENTITY = "iPhone Developer";
				COPY_PHASE_STRIP = NO;
				DEBUG_INFORMATION_FORMAT = "dwarf-with-dsym";
				ENABLE_NS_ASSERTIONS = NO;
				ENABLE_STRICT_OBJC_MSGSEND = YES;
				GCC_C_LANGUAGE_STANDARD = gnu11;
				GCC_NO_COMMON_BLOCKS = YES;
				GCC_WARN_64_TO_32_BIT_CONVERSION = YES;
				GCC_WARN_ABOUT_RETURN_TYPE = YES_ERROR;
				GCC_WARN_UNDECLARED_SELECTOR = YES;
				GCC_WARN_UNINITIALIZED_AUTOS = YES_AGGRESSIVE;
				GCC_WARN_UNUSED_FUNCTION = YES;
				GCC_WARN_UNUSED_VARIABLE = YES;
				IPHONEOS_DEPLOYMENT_TARGET = 11.0;
				MTL_ENABLE_DEBUG_INFO = NO;
				SDKROOT = iphoneos;
				SWIFT_OPTIMIZATION_LEVEL = "-Owholemodule";
				VALIDATE_PRODUCT = YES;
			};
			name = Release;
		};
		CFE593122139865400B77403 /* Debug */ = {
			isa = XCBuildConfiguration;
			baseConfigurationReference = B60DF2B7A6167373C449902B /* Pods-MovieListCareem.debug.xcconfig */;
			buildSettings = {
				ASSETCATALOG_COMPILER_APPICON_NAME = AppIcon;
				CODE_SIGN_STYLE = Automatic;
				INFOPLIST_FILE = MovieListCareem/Info.plist;
				IPHONEOS_DEPLOYMENT_TARGET = 9.0;
				LD_RUNPATH_SEARCH_PATHS = "$(inherited) @executable_path/Frameworks";
				PRODUCT_BUNDLE_IDENTIFIER = com.Careem.MovieListCareem;
				PRODUCT_NAME = "$(TARGET_NAME)";
				SWIFT_VERSION = 4.0;
				TARGETED_DEVICE_FAMILY = 1;
			};
			name = Debug;
		};
		CFE593132139865400B77403 /* Release */ = {
			isa = XCBuildConfiguration;
			baseConfigurationReference = 19E64D45A0388263CA62120D /* Pods-MovieListCareem.release.xcconfig */;
			buildSettings = {
				ASSETCATALOG_COMPILER_APPICON_NAME = AppIcon;
				CODE_SIGN_STYLE = Automatic;
				INFOPLIST_FILE = MovieListCareem/Info.plist;
				IPHONEOS_DEPLOYMENT_TARGET = 9.0;
				LD_RUNPATH_SEARCH_PATHS = "$(inherited) @executable_path/Frameworks";
				PRODUCT_BUNDLE_IDENTIFIER = com.Careem.MovieListCareem;
				PRODUCT_NAME = "$(TARGET_NAME)";
				SWIFT_VERSION = 4.0;
				TARGETED_DEVICE_FAMILY = 1;
			};
			name = Release;
		};
		CFE593152139865400B77403 /* Debug */ = {
			isa = XCBuildConfiguration;
			baseConfigurationReference = A5E83CE976FF886280C73FD8 /* Pods-MovieListCareemTests.debug.xcconfig */;
			buildSettings = {
				ALWAYS_EMBED_SWIFT_STANDARD_LIBRARIES = YES;
				BUNDLE_LOADER = "$(TEST_HOST)";
				CODE_SIGN_STYLE = Automatic;
				INFOPLIST_FILE = MovieListCareemTests/Info.plist;
				LD_RUNPATH_SEARCH_PATHS = "$(inherited) @executable_path/Frameworks @loader_path/Frameworks";
				PRODUCT_BUNDLE_IDENTIFIER = com.Careem.MovieListCareemTests;
				PRODUCT_NAME = "$(TARGET_NAME)";
				SWIFT_VERSION = 4.0;
				TARGETED_DEVICE_FAMILY = "1,2";
				TEST_HOST = "$(BUILT_PRODUCTS_DIR)/MovieListCareem.app/MovieListCareem";
			};
			name = Debug;
		};
		CFE593162139865400B77403 /* Release */ = {
			isa = XCBuildConfiguration;
			baseConfigurationReference = 8D71451BE3E42F38FA24F475 /* Pods-MovieListCareemTests.release.xcconfig */;
			buildSettings = {
				ALWAYS_EMBED_SWIFT_STANDARD_LIBRARIES = YES;
				BUNDLE_LOADER = "$(TEST_HOST)";
				CODE_SIGN_STYLE = Automatic;
				INFOPLIST_FILE = MovieListCareemTests/Info.plist;
				LD_RUNPATH_SEARCH_PATHS = "$(inherited) @executable_path/Frameworks @loader_path/Frameworks";
				PRODUCT_BUNDLE_IDENTIFIER = com.Careem.MovieListCareemTests;
				PRODUCT_NAME = "$(TARGET_NAME)";
				SWIFT_VERSION = 4.0;
				TARGETED_DEVICE_FAMILY = "1,2";
				TEST_HOST = "$(BUILT_PRODUCTS_DIR)/MovieListCareem.app/MovieListCareem";
			};
			name = Release;
		};
/* End XCBuildConfiguration section */

/* Begin XCConfigurationList section */
		CFE592EC2139865400B77403 /* Build configuration list for PBXProject "MovieListCareem" */ = {
			isa = XCConfigurationList;
			buildConfigurations = (
				CFE5930F2139865400B77403 /* Debug */,
				CFE593102139865400B77403 /* Release */,
			);
			defaultConfigurationIsVisible = 0;
			defaultConfigurationName = Release;
		};
		CFE593112139865400B77403 /* Build configuration list for PBXNativeTarget "MovieListCareem" */ = {
			isa = XCConfigurationList;
			buildConfigurations = (
				CFE593122139865400B77403 /* Debug */,
				CFE593132139865400B77403 /* Release */,
			);
			defaultConfigurationIsVisible = 0;
			defaultConfigurationName = Release;
		};
		CFE593142139865400B77403 /* Build configuration list for PBXNativeTarget "MovieListCareemTests" */ = {
			isa = XCConfigurationList;
			buildConfigurations = (
				CFE593152139865400B77403 /* Debug */,
				CFE593162139865400B77403 /* Release */,
			);
			defaultConfigurationIsVisible = 0;
			defaultConfigurationName = Release;
		};
/* End XCConfigurationList section */

/* Begin XCVersionGroup section */
		CFE592FB2139865400B77403 /* MovieListCareem.xcdatamodeld */ = {
			isa = XCVersionGroup;
			children = (
				CFE592FC2139865400B77403 /* MovieListCareem.xcdatamodel */,
			);
			currentVersion = CFE592FC2139865400B77403 /* MovieListCareem.xcdatamodel */;
			path = MovieListCareem.xcdatamodeld;
			sourceTree = "<group>";
			versionGroupType = wrapper.xcdatamodel;
		};
/* End XCVersionGroup section */
	};
	rootObject = CFE592E92139865400B77403 /* Project object */;
}
