// !$*UTF8*$!
{
	archiveVersion = 1;
	classes = {
	};
	objectVersion = 48;
	objects = {

/* Begin PBXBuildFile section */
		CFE592F52139865400B77403 /* AppDelegate.swift in Sources */ = {isa = PBXBuildFile; fileRef = CFE592F42139865400B77403 /* AppDelegate.swift */; };
		CFE592F72139865400B77403 /* ViewController.swift in Sources */ = {isa = PBXBuildFile; fileRef = CFE592F62139865400B77403 /* ViewController.swift */; };
		CFE592FA2139865400B77403 /* Main.storyboard in Resources */ = {isa = PBXBuildFile; fileRef = CFE592F82139865400B77403 /* Main.storyboard */; };
		CFE592FD2139865400B77403 /* MovieListCareem.xcdatamodeld in Sources */ = {isa = PBXBuildFile; fileRef = CFE592FB2139865400B77403 /* MovieListCareem.xcdatamodeld */; };
		CFE592FF2139865400B77403 /* Assets.xcassets in Resources */ = {isa = PBXBuildFile; fileRef = CFE592FE2139865400B77403 /* Assets.xcassets */; };
		CFE593022139865400B77403 /* LaunchScreen.storyboard in Resources */ = {isa = PBXBuildFile; fileRef = CFE593002139865400B77403 /* LaunchScreen.storyboard */; };
		CFE5930D2139865400B77403 /* MovieListCareemTests.swift in Sources */ = {isa = PBXBuildFile; fileRef = CFE5930C2139865400B77403 /* MovieListCareemTests.swift */; };
/* End PBXBuildFile section */

/* Begin PBXContainerItemProxy section */
		CFE593092139865400B77403 /* PBXContainerItemProxy */ = {
			isa = PBXContainerItemProxy;
			containerPortal = CFE592E92139865400B77403 /* Project object */;
			proxyType = 1;
			remoteGlobalIDString = CFE592F02139865400B77403;
			remoteInfo = MovieListCareem;
		};
/* End PBXContainerItemProxy section */

/* Begin PBXFileReference section */
		CFE592F12139865400B77403 /* MovieListCareem.app */ = {isa = PBXFileReference; explicitFileType = wrapper.application; includeInIndex = 0; path = MovieListCareem.app; sourceTree = BUILT_PRODUCTS_DIR; };
		CFE592F42139865400B77403 /* AppDelegate.swift */ = {isa = PBXFileReference; lastKnownFileType = sourcecode.swift; path = AppDelegate.swift; sourceTree = "<group>"; };
		CFE592F62139865400B77403 /* ViewController.swift */ = {isa = PBXFileReference; lastKnownFileType = sourcecode.swift; path = ViewController.swift; sourceTree = "<group>"; };
		CFE592F92139865400B77403 /* Base */ = {isa = PBXFileReference; lastKnownFileType = file.storyboard; name = Base; path = Base.lproj/Main.storyboard; sourceTree = "<group>"; };
		CFE592FC2139865400B77403 /* MovieListCareem.xcdatamodel */ = {isa = PBXFileReference; lastKnownFileType = wrapper.xcdatamodel; path = MovieListCareem.xcdatamodel; sourceTree = "<group>"; };
		CFE592FE2139865400B77403 /* Assets.xcassets */ = {isa = PBXFileReference; lastKnownFileType = folder.assetcatalog; path = Assets.xcassets; sourceTree = "<group>"; };
		CFE593012139865400B77403 /* Base */ = {isa = PBXFileReference; lastKnownFileType = file.storyboard; name = Base; path = Base.lproj/LaunchScreen.storyboard; sourceTree = "<group>"; };
		CFE593032139865400B77403 /* Info.plist */ = {isa = PBXFileReference; lastKnownFileType = text.plist.xml; path = Info.plist; sourceTree = "<group>"; };
		CFE593082139865400B77403 /* MovieListCareemTests.xctest */ = {isa = PBXFileReference; explicitFileType = wrapper.cfbundle; includeInIndex = 0; path = MovieListCareemTests.xctest; sourceTree = BUILT_PRODUCTS_DIR; };
		CFE5930C2139865400B77403 /* MovieListCareemTests.swift */ = {isa = PBXFileReference; lastKnownFileType = sourcecode.swift; path = MovieListCareemTests.swift; sourceTree = "<group>"; };
		CFE5930E2139865400B77403 /* Info.plist */ = {isa = PBXFileReference; lastKnownFileType = text.plist.xml; path = Info.plist; sourceTree = "<group>"; };
/* End PBXFileReference section */

/* Begin PBXFrameworksBuildPhase section */
		CFE592EE2139865400B77403 /* Frameworks */ = {
			isa = PBXFrameworksBuildPhase;
			buildActionMask = 2147483647;
			files = (
			);
			runOnlyForDeploymentPostprocessing = 0;
		};
		CFE593052139865400B77403 /* Frameworks */ = {
			isa = PBXFrameworksBuildPhase;
			buildActionMask = 2147483647;
			files = (
			);
			runOnlyForDeploymentPostprocessing = 0;
		};
/* End PBXFrameworksBuildPhase section */

/* Begin PBXGroup section */
		CFE592E82139865400B77403 = {
			isa = PBXGroup;
			children = (
				CFE592F32139865400B77403 /* MovieListCareem */,
				CFE5930B2139865400B77403 /* MovieListCareemTests */,
				CFE592F22139865400B77403 /* Products */,
			);
			sourceTree = "<group>";
		};
		CFE592F22139865400B77403 /* Products */ = {
			isa = PBXGroup;
			children = (
				CFE592F12139865400B77403 /* MovieListCareem.app */,
				CFE593082139865400B77403 /* MovieListCareemTests.xctest */,
			);
			name = Products;
			sourceTree = "<group>";
		};
		CFE592F32139865400B77403 /* MovieListCareem */ = {
			isa = PBXGroup;
			children = (
				CFE592F42139865400B77403 /* AppDelegate.swift */,
				CFE592F62139865400B77403 /* ViewController.swift */,
				CFE592F82139865400B77403 /* Main.storyboard */,
				CFE592FE2139865400B77403 /* Assets.xcassets */,
				CFE593002139865400B77403 /* LaunchScreen.storyboard */,
				CFE593032139865400B77403 /* Info.plist */,
				CFE592FB2139865400B77403 /* MovieListCareem.xcdatamodeld */,
			);
			path = MovieListCareem;
			sourceTree = "<group>";
		};
		CFE5930B2139865400B77403 /* MovieListCareemTests */ = {
			isa = PBXGroup;
			children = (
				CFE5930C2139865400B77403 /* MovieListCareemTests.swift */,
				CFE5930E2139865400B77403 /* Info.plist */,
			);
			path = MovieListCareemTests;
			sourceTree = "<group>";
		};
/* End PBXGroup section */

/* Begin PBXNativeTarget section */
		CFE592F02139865400B77403 /* MovieListCareem */ = {
			isa = PBXNativeTarget;
			buildConfigurationList = CFE593112139865400B77403 /* Build configuration list for PBXNativeTarget "MovieListCareem" */;
			buildPhases = (
				CFE592ED2139865400B77403 /* Sources */,
				CFE592EE2139865400B77403 /* Frameworks */,
				CFE592EF2139865400B77403 /* Resources */,
			);
			buildRules = (
			);
			dependencies = (
			);
			name = MovieListCareem;
			productName = MovieListCareem;
			productReference = CFE592F12139865400B77403 /* MovieListCareem.app */;
			productType = "com.apple.product-type.application";
		};
		CFE593072139865400B77403 /* MovieListCareemTests */ = {
			isa = PBXNativeTarget;
			buildConfigurationList = CFE593142139865400B77403 /* Build configuration list for PBXNativeTarget "MovieListCareemTests" */;
			buildPhases = (
				CFE593042139865400B77403 /* Sources */,
				CFE593052139865400B77403 /* Frameworks */,
				CFE593062139865400B77403 /* Resources */,
			);
			buildRules = (
			);
			dependencies = (
				CFE5930A2139865400B77403 /* PBXTargetDependency */,
			);
			name = MovieListCareemTests;
			productName = MovieListCareemTests;
			productReference = CFE593082139865400B77403 /* MovieListCareemTests.xctest */;
			productType = "com.apple.product-type.bundle.unit-test";
		};
/* End PBXNativeTarget section */

/* Begin PBXProject section */
		CFE592E92139865400B77403 /* Project object */ = {
			isa = PBXProject;
			attributes = {
				LastSwiftUpdateCheck = 0900;
				LastUpgradeCheck = 0900;
				ORGANIZATIONNAME = "Hazem Hamdy";
				TargetAttributes = {
					CFE592F02139865400B77403 = {
						CreatedOnToolsVersion = 9.0;
						ProvisioningStyle = Automatic;
					};
					CFE593072139865400B77403 = {
						CreatedOnToolsVersion = 9.0;
						ProvisioningStyle = Automatic;
						TestTargetID = CFE592F02139865400B77403;
					};
				};
			};
			buildConfigurationList = CFE592EC2139865400B77403 /* Build configuration list for PBXProject "MovieListCareem" */;
			compatibilityVersion = "Xcode 8.0";
			developmentRegion = en;
			hasScannedForEncodings = 0;
			knownRegions = (
				en,
				Base,
			);
			mainGroup = CFE592E82139865400B77403;
			productRefGroup = CFE592F22139865400B77403 /* Products */;
			projectDirPath = "";
			projectRoot = "";
			targets = (
				CFE592F02139865400B77403 /* MovieListCareem */,
				CFE593072139865400B77403 /* MovieListCareemTests */,
			);
		};
/* End PBXProject section */

/* Begin PBXResourcesBuildPhase section */
		CFE592EF2139865400B77403 /* Resources */ = {
			isa = PBXResourcesBuildPhase;
			buildActionMask = 2147483647;
			files = (
				CFE593022139865400B77403 /* LaunchScreen.storyboard in Resources */,
				CFE592FF2139865400B77403 /* Assets.xcassets in Resources */,
				CFE592FA2139865400B77403 /* Main.storyboard in Resources */,
			);
			runOnlyForDeploymentPostprocessing = 0;
		};
		CFE593062139865400B77403 /* Resources */ = {
			isa = PBXResourcesBuildPhase;
			buildActionMask = 2147483647;
			files = (
			);
			runOnlyForDeploymentPostprocessing = 0;
		};
/* End PBXResourcesBuildPhase section */

/* Begin PBXSourcesBuildPhase section */
		CFE592ED2139865400B77403 /* Sources */ = {
			isa = PBXSourcesBuildPhase;
			buildActionMask = 2147483647;
			files = (
				CFE592FD2139865400B77403 /* MovieListCareem.xcdatamodeld in Sources */,
				CFE592F72139865400B77403 /* ViewController.swift in Sources */,
				CFE592F52139865400B77403 /* AppDelegate.swift in Sources */,
			);
			runOnlyForDeploymentPostprocessing = 0;
		};
		CFE593042139865400B77403 /* Sources */ = {
			isa = PBXSourcesBuildPhase;
			buildActionMask = 2147483647;
			files = (
				CFE5930D2139865400B77403 /* MovieListCareemTests.swift in Sources */,
			);
			runOnlyForDeploymentPostprocessing = 0;
		};
/* End PBXSourcesBuildPhase section */

/* Begin PBXTargetDependency section */
		CFE5930A2139865400B77403 /* PBXTargetDependency */ = {
			isa = PBXTargetDependency;
			target = CFE592F02139865400B77403 /* MovieListCareem */;
			targetProxy = CFE593092139865400B77403 /* PBXContainerItemProxy */;
		};
/* End PBXTargetDependency section */

/* Begin PBXVariantGroup section */
		CFE592F82139865400B77403 /* Main.storyboard */ = {
			isa = PBXVariantGroup;
			children = (
				CFE592F92139865400B77403 /* Base */,
			);
			name = Main.storyboard;
			sourceTree = "<group>";
		};
		CFE593002139865400B77403 /* LaunchScreen.storyboard */ = {
			isa = PBXVariantGroup;
			children = (
				CFE593012139865400B77403 /* Base */,
			);
			name = LaunchScreen.storyboard;
			sourceTree = "<group>";
		};
/* End PBXVariantGroup section */

/* Begin XCBuildConfiguration section */
		CFE5930F2139865400B77403 /* Debug */ = {
			isa = XCBuildConfiguration;
			buildSettings = {
				ALWAYS_SEARCH_USER_PATHS = NO;
				CLANG_ANALYZER_NONNULL = YES;
				CLANG_ANALYZER_NUMBER_OBJECT_CONVERSION = YES_AGGRESSIVE;
				CLANG_CXX_LANGUAGE_STANDARD = "gnu++14";
				CLANG_CXX_LIBRARY = "libc++";
				CLANG_ENABLE_MODULES = YES;
				CLANG_ENABLE_OBJC_ARC = YES;
				CLANG_WARN_BLOCK_CAPTURE_AUTORELEASING = YES;
				CLANG_WARN_BOOL_CONVERSION = YES;
				CLANG_WARN_COMMA = YES;
				CLANG_WARN_CONSTANT_CONVERSION = YES;
				CLANG_WARN_DIRECT_OBJC_ISA_USAGE = YES_ERROR;
				CLANG_WARN_DOCUMENTATION_COMMENTS = YES;
				CLANG_WARN_EMPTY_BODY = YES;
				CLANG_WARN_ENUM_CONVERSION = YES;
				CLANG_WARN_INFINITE_RECURSION = YES;
				CLANG_WARN_INT_CONVERSION = YES;
				CLANG_WARN_NON_LITERAL_NULL_CONVERSION = YES;
				CLANG_WARN_OBJC_LITERAL_CONVERSION = YES;
				CLANG_WARN_OBJC_ROOT_CLASS = YES_ERROR;
				CLANG_WARN_RANGE_LOOP_ANALYSIS = YES;
				CLANG_WARN_STRICT_PROTOTYPES = YES;
				CLANG_WARN_SUSPICIOUS_MOVE = YES;
				CLANG_WARN_UNGUARDED_AVAILABILITY = YES_AGGRESSIVE;
				CLANG_WARN_UNREACHABLE_CODE = YES;
				CLANG_WARN__DUPLICATE_METHOD_MATCH = YES;
				CODE_SIGN_IDENTITY = "iPhone Developer";
				COPY_PHASE_STRIP = NO;
				DEBUG_INFORMATION_FORMAT = dwarf;
				ENABLE_STRICT_OBJC_MSGSEND = YES;
				ENABLE_TESTABILITY = YES;
				GCC_C_LANGUAGE_STANDARD = gnu11;
				GCC_DYNAMIC_NO_PIC = NO;
				GCC_NO_COMMON_BLOCKS = YES;
				GCC_OPTIMIZATION_LEVEL = 0;
				GCC_PREPROCESSOR_DEFINITIONS = (
					"DEBUG=1",
					"$(inherited)",
				);
				GCC_WARN_64_TO_32_BIT_CONVERSION = YES;
				GCC_WARN_ABOUT_RETURN_TYPE = YES_ERROR;
				GCC_WARN_UNDECLARED_SELECTOR = YES;
				GCC_WARN_UNINITIALIZED_AUTOS = YES_AGGRESSIVE;
				GCC_WARN_UNUSED_FUNCTION = YES;
				GCC_WARN_UNUSED_VARIABLE = YES;
				IPHONEOS_DEPLOYMENT_TARGET = 11.0;
				MTL_ENABLE_DEBUG_INFO = YES;
				ONLY_ACTIVE_ARCH = YES;
				SDKROOT = iphoneos;
				SWIFT_ACTIVE_COMPILATION_CONDITIONS = DEBUG;
				SWIFT_OPTIMIZATION_LEVEL = "-Onone";
			};
			name = Debug;
		};
		CFE593102139865400B77403 /* Release */ = {
			isa = XCBuildConfiguration;
			buildSettings = {
				ALWAYS_SEARCH_USER_PATHS = NO;
				CLANG_ANALYZER_NONNULL = YES;
				CLANG_ANALYZER_NUMBER_OBJECT_CONVERSION = YES_AGGRESSIVE;
				CLANG_CXX_LANGUAGE_STANDARD = "gnu++14";
				CLANG_CXX_LIBRARY = "libc++";
				CLANG_ENABLE_MODULES = YES;
				CLANG_ENABLE_OBJC_ARC = YES;
				CLANG_WARN_BLOCK_CAPTURE_AUTORELEASING = YES;
				CLANG_WARN_BOOL_CONVERSION = YES;
				CLANG_WARN_COMMA = YES;
				CLANG_WARN_CONSTANT_CONVERSION = YES;
				CLANG_WARN_DIRECT_OBJC_ISA_USAGE = YES_ERROR;
				CLANG_WARN_DOCUMENTATION_COMMENTS = YES;
				CLANG_WARN_EMPTY_BODY = YES;
				CLANG_WARN_ENUM_CONVERSION = YES;
				CLANG_WARN_INFINITE_RECURSION = YES;
				CLANG_WARN_INT_CONVERSION = YES;
				CLANG_WARN_NON_LITERAL_NULL_CONVERSION = YES;
				CLANG_WARN_OBJC_LITERAL_CONVERSION = YES;
				CLANG_WARN_OBJC_ROOT_CLASS = YES_ERROR;
				CLANG_WARN_RANGE_LOOP_ANALYSIS = YES;
				CLANG_WARN_STRICT_PROTOTYPES = YES;
				CLANG_WARN_SUSPICIOUS_MOVE = YES;
				CLANG_WARN_UNGUARDED_AVAILABILITY = YES_AGGRESSIVE;
				CLANG_WARN_UNREACHABLE_CODE = YES;
				CLANG_WARN__DUPLICATE_METHOD_MATCH = YES;
				CODE_SIGN_IDENTITY = "iPhone Developer";
				COPY_PHASE_STRIP = NO;
				DEBUG_INFORMATION_FORMAT = "dwarf-with-dsym";
				ENABLE_NS_ASSERTIONS = NO;
				ENABLE_STRICT_OBJC_MSGSEND = YES;
				GCC_C_LANGUAGE_STANDARD = gnu11;
				GCC_NO_COMMON_BLOCKS = YES;
				GCC_WARN_64_TO_32_BIT_CONVERSION = YES;
				GCC_WARN_ABOUT_RETURN_TYPE = YES_ERROR;
				GCC_WARN_UNDECLARED_SELECTOR = YES;
				GCC_WARN_UNINITIALIZED_AUTOS = YES_AGGRESSIVE;
				GCC_WARN_UNUSED_FUNCTION = YES;
				GCC_WARN_UNUSED_VARIABLE = YES;
				IPHONEOS_DEPLOYMENT_TARGET = 11.0;
				MTL_ENABLE_DEBUG_INFO = NO;
				SDKROOT = iphoneos;
				SWIFT_OPTIMIZATION_LEVEL = "-Owholemodule";
				VALIDATE_PRODUCT = YES;
			};
			name = Release;
		};
		CFE593122139865400B77403 /* Debug */ = {
			isa = XCBuildConfiguration;
			buildSettings = {
				ASSETCATALOG_COMPILER_APPICON_NAME = AppIcon;
				CODE_SIGN_STYLE = Automatic;
				INFOPLIST_FILE = MovieListCareem/Info.plist;
				LD_RUNPATH_SEARCH_PATHS = "$(inherited) @executable_path/Frameworks";
				PRODUCT_BUNDLE_IDENTIFIER = com.Careem.MovieListCareem;
				PRODUCT_NAME = "$(TARGET_NAME)";
				SWIFT_VERSION = 4.0;
				TARGETED_DEVICE_FAMILY = "1,2";
			};
			name = Debug;
		};
		CFE593132139865400B77403 /* Release */ = {
			isa = XCBuildConfiguration;
			buildSettings = {
				ASSETCATALOG_COMPILER_APPICON_NAME = AppIcon;
				CODE_SIGN_STYLE = Automatic;
				INFOPLIST_FILE = MovieListCareem/Info.plist;
				LD_RUNPATH_SEARCH_PATHS = "$(inherited) @executable_path/Frameworks";
				PRODUCT_BUNDLE_IDENTIFIER = com.Careem.MovieListCareem;
				PRODUCT_NAME = "$(TARGET_NAME)";
				SWIFT_VERSION = 4.0;
				TARGETED_DEVICE_FAMILY = "1,2";
			};
			name = Release;
		};
		CFE593152139865400B77403 /* Debug */ = {
			isa = XCBuildConfiguration;
			buildSettings = {
				ALWAYS_EMBED_SWIFT_STANDARD_LIBRARIES = YES;
				BUNDLE_LOADER = "$(TEST_HOST)";
				CODE_SIGN_STYLE = Automatic;
				INFOPLIST_FILE = MovieListCareemTests/Info.plist;
				LD_RUNPATH_SEARCH_PATHS = "$(inherited) @executable_path/Frameworks @loader_path/Frameworks";
				PRODUCT_BUNDLE_IDENTIFIER = com.Careem.MovieListCareemTests;
				PRODUCT_NAME = "$(TARGET_NAME)";
				SWIFT_VERSION = 4.0;
				TARGETED_DEVICE_FAMILY = "1,2";
				TEST_HOST = "$(BUILT_PRODUCTS_DIR)/MovieListCareem.app/MovieListCareem";
			};
			name = Debug;
		};
		CFE593162139865400B77403 /* Release */ = {
			isa = XCBuildConfiguration;
			buildSettings = {
				ALWAYS_EMBED_SWIFT_STANDARD_LIBRARIES = YES;
				BUNDLE_LOADER = "$(TEST_HOST)";
				CODE_SIGN_STYLE = Automatic;
				INFOPLIST_FILE = MovieListCareemTests/Info.plist;
				LD_RUNPATH_SEARCH_PATHS = "$(inherited) @executable_path/Frameworks @loader_path/Frameworks";
				PRODUCT_BUNDLE_IDENTIFIER = com.Careem.MovieListCareemTests;
				PRODUCT_NAME = "$(TARGET_NAME)";
				SWIFT_VERSION = 4.0;
				TARGETED_DEVICE_FAMILY = "1,2";
				TEST_HOST = "$(BUILT_PRODUCTS_DIR)/MovieListCareem.app/MovieListCareem";
			};
			name = Release;
		};
/* End XCBuildConfiguration section */

/* Begin XCConfigurationList section */
		CFE592EC2139865400B77403 /* Build configuration list for PBXProject "MovieListCareem" */ = {
			isa = XCConfigurationList;
			buildConfigurations = (
				CFE5930F2139865400B77403 /* Debug */,
				CFE593102139865400B77403 /* Release */,
			);
			defaultConfigurationIsVisible = 0;
			defaultConfigurationName = Release;
		};
		CFE593112139865400B77403 /* Build configuration list for PBXNativeTarget "MovieListCareem" */ = {
			isa = XCConfigurationList;
			buildConfigurations = (
				CFE593122139865400B77403 /* Debug */,
				CFE593132139865400B77403 /* Release */,
			);
			defaultConfigurationIsVisible = 0;
			defaultConfigurationName = Release;
		};
		CFE593142139865400B77403 /* Build configuration list for PBXNativeTarget "MovieListCareemTests" */ = {
			isa = XCConfigurationList;
			buildConfigurations = (
				CFE593152139865400B77403 /* Debug */,
				CFE593162139865400B77403 /* Release */,
			);
			defaultConfigurationIsVisible = 0;
			defaultConfigurationName = Release;
		};
/* End XCConfigurationList section */

/* Begin XCVersionGroup section */
		CFE592FB2139865400B77403 /* MovieListCareem.xcdatamodeld */ = {
			isa = XCVersionGroup;
			children = (
				CFE592FC2139865400B77403 /* MovieListCareem.xcdatamodel */,
			);
			currentVersion = CFE592FC2139865400B77403 /* MovieListCareem.xcdatamodel */;
			path = MovieListCareem.xcdatamodeld;
			sourceTree = "<group>";
			versionGroupType = wrapper.xcdatamodel;
		};
/* End XCVersionGroup section */
	};
	rootObject = CFE592E92139865400B77403 /* Project object */;
}
